{
  "lockfile_version": "1",
  "packages": {
    "go@1.23.1": {
      "last_modified": "2024-09-10T15:01:03Z",
      "resolved": "github:NixOS/nixpkgs/5ed627539ac84809c78b2dd6d26a5cebeb5ae269#go_1_23",
      "source": "devbox-search",
      "version": "1.23.1",
      "systems": {
        "aarch64-darwin": {
          "outputs": [
            {
              "name": "out",
              "path": "/nix/store/nvaay1c4banbccyvv6ba1gzyqpypjmfq-go-1.23.1",
              "default": true
            }
          ],
          "store_path": "/nix/store/nvaay1c4banbccyvv6ba1gzyqpypjmfq-go-1.23.1"
        },
        "aarch64-linux": {
          "outputs": [
            {
              "name": "out",
              "path": "/nix/store/9ylsay11jb3p6yarkmlz0fin76cdypwa-go-1.23.1",
              "default": true
            }
          ],
          "store_path": "/nix/store/9ylsay11jb3p6yarkmlz0fin76cdypwa-go-1.23.1"
        },
        "x86_64-darwin": {
          "outputs": [
            {
              "name": "out",
              "path": "/nix/store/zkg5xhyx2rs03dq0qp14nqlx9ff1y5c5-go-1.23.1",
              "default": true
            }
          ],
          "store_path": "/nix/store/zkg5xhyx2rs03dq0qp14nqlx9ff1y5c5-go-1.23.1"
        },
        "x86_64-linux": {
          "outputs": [
            {
              "name": "out",
              "path": "/nix/store/mi0ybwsm6pmxzv9hsm6bcbqaq1pkf8wh-go-1.23.1",
              "default": true
            }
          ],
          "store_path": "/nix/store/mi0ybwsm6pmxzv9hsm6bcbqaq1pkf8wh-go-1.23.1"
        }
      }
    },
    "google-cloud-sdk@latest": {
      "last_modified": "2024-10-13T23:44:06Z",
      "resolved": "github:NixOS/nixpkgs/d4f247e89f6e10120f911e2e2d2254a050d0f732#google-cloud-sdk",
      "source": "devbox-search",
      "version": "494.0.0",
      "systems": {
        "aarch64-darwin": {
          "outputs": [
            {
              "name": "out",
              "path": "/nix/store/mif16c9nafdcqgkys5h3959pkclw6lv3-google-cloud-sdk-494.0.0",
              "default": true
            }
          ],
          "store_path": "/nix/store/mif16c9nafdcqgkys5h3959pkclw6lv3-google-cloud-sdk-494.0.0"
        },
        "aarch64-linux": {
          "outputs": [
            {
              "name": "out",
              "path": "/nix/store/dk9p4ham0xddx7bl8k4a4n0jwfkr54ky-google-cloud-sdk-494.0.0",
              "default": true
            }
          ],
          "store_path": "/nix/store/dk9p4ham0xddx7bl8k4a4n0jwfkr54ky-google-cloud-sdk-494.0.0"
        },
        "x86_64-darwin": {
          "outputs": [
            {
              "name": "out",
              "path": "/nix/store/x1jn7qbnjzm0mvg08ml239zz5gaf2wpb-google-cloud-sdk-494.0.0",
              "default": true
            }
          ],
          "store_path": "/nix/store/x1jn7qbnjzm0mvg08ml239zz5gaf2wpb-google-cloud-sdk-494.0.0"
        },
        "x86_64-linux": {
          "outputs": [
            {
              "name": "out",
              "path": "/nix/store/7nl2a2araiaig0ic9xkf8sphb7nvszyz-google-cloud-sdk-494.0.0",
              "default": true
            }
          ],
          "store_path": "/nix/store/7nl2a2araiaig0ic9xkf8sphb7nvszyz-google-cloud-sdk-494.0.0"
        }
      }
    },
    "turso-cli@latest": {
      "last_modified": "2024-10-13T23:44:06Z",
      "resolved": "github:NixOS/nixpkgs/d4f247e89f6e10120f911e2e2d2254a050d0f732#turso-cli",
      "source": "devbox-search",
      "version": "0.97.2",
      "systems": {
        "aarch64-darwin": {
          "outputs": [
            {
              "name": "out",
              "path": "/nix/store/3izlk915rffka084dyiy745pgwq7iv1h-turso-cli-0.97.2",
              "default": true
            }
          ],
          "store_path": "/nix/store/3izlk915rffka084dyiy745pgwq7iv1h-turso-cli-0.97.2"
        },
        "aarch64-linux": {
          "outputs": [
            {
              "name": "out",
              "path": "/nix/store/mnh7j5r5m403b1xcwf2hx4wmvwigycxb-turso-cli-0.97.2",
              "default": true
            }
          ],
          "store_path": "/nix/store/mnh7j5r5m403b1xcwf2hx4wmvwigycxb-turso-cli-0.97.2"
        },
        "x86_64-darwin": {
          "outputs": [
            {
              "name": "out",
              "path": "/nix/store/ad0sa1zgbr1h0753w98yh10p2kfqajqz-turso-cli-0.97.2",
              "default": true
            }
          ],
          "store_path": "/nix/store/ad0sa1zgbr1h0753w98yh10p2kfqajqz-turso-cli-0.97.2"
        },
        "x86_64-linux": {
          "outputs": [
            {
              "name": "out",
              "path": "/nix/store/spd4swnamcpkb0d6ddgfgn4css8614h4-turso-cli-0.97.2",
              "default": true
            }
          ],
          "store_path": "/nix/store/spd4swnamcpkb0d6ddgfgn4css8614h4-turso-cli-0.97.2"
        }
      }
    }
  }
}
